
Microsoft Visual Studio Solution File, Format Version 12.00
# Visual Studio Version 17
VisualStudioVersion = 17.0.32112.339
MinimumVisualStudioVersion = 10.0.40219.1
Project("{FAE04EC0-301F-11D3-BF4B-00C04F79EFBC}") = "Exercicio2.ConsoleApp", "Exercicio2.ConsoleApp\Exercicio2.ConsoleApp.csproj", "{ACB07FCF-E7EE-4214-939C-73B373FE7D0F}"
EndProject
Project("{FAE04EC0-301F-11D3-BF4B-00C04F79EFBC}") = "Exercicio3.ConsoleApp", "Exercicio3.ConsoleApp\Exercicio3.ConsoleApp.csproj", "{80CA0ECA-7588-402E-AB3B-876D3E4148FB}"
EndProject
Project("{FAE04EC0-301F-11D3-BF4B-00C04F79EFBC}") = "Exercicio4.ConsoleApp", "Exercicio4.ConsoleApp\Exercicio4.ConsoleApp.csproj", "{F8B9992B-AC81-41AA-8E91-15D1FBCF91C5}"
EndProject
Project("{FAE04EC0-301F-11D3-BF4B-00C04F79EFBC}") = "Exercicio5.ConsoleApp", "Exercicio5.ConsoleApp\Exercicio5.ConsoleApp.csproj", "{C6A0401D-3BD0-4F36-9FC2-F931B9DD326D}"
EndProject
Project("{FAE04EC0-301F-11D3-BF4B-00C04F79EFBC}") = "Exercicio1.ConsoleApp", "Exercicio1.ConsoleApp\Exercicio1.ConsoleApp.csproj", "{D4553931-FA87-4C7B-BD9B-C98099F5EF6A}"
EndProject
Global
	GlobalSection(SolutionConfigurationPlatforms) = preSolution
		Debug|Any CPU = Debug|Any CPU
		Release|Any CPU = Release|Any CPU
	EndGlobalSection
	GlobalSection(ProjectConfigurationPlatforms) = postSolution
		{ACB07FCF-E7EE-4214-939C-73B373FE7D0F}.Debug|Any CPU.ActiveCfg = Debug|Any CPU
		{ACB07FCF-E7EE-4214-939C-73B373FE7D0F}.Debug|Any CPU.Build.0 = Debug|Any CPU
		{ACB07FCF-E7EE-4214-939C-73B373FE7D0F}.Release|Any CPU.ActiveCfg = Release|Any CPU
		{ACB07FCF-E7EE-4214-939C-73B373FE7D0F}.Release|Any CPU.Build.0 = Release|Any CPU
		{80CA0ECA-7588-402E-AB3B-876D3E4148FB}.Debug|Any CPU.ActiveCfg = Debug|Any CPU
		{80CA0ECA-7588-402E-AB3B-876D3E4148FB}.Debug|Any CPU.Build.0 = Debug|Any CPU
		{80CA0ECA-7588-402E-AB3B-876D3E4148FB}.Release|Any CPU.ActiveCfg = Release|Any CPU
		{80CA0ECA-7588-402E-AB3B-876D3E4148FB}.Release|Any CPU.Build.0 = Release|Any CPU
		{F8B9992B-AC81-41AA-8E91-15D1FBCF91C5}.Debug|Any CPU.ActiveCfg = Debug|Any CPU
		{F8B9992B-AC81-41AA-8E91-15D1FBCF91C5}.Debug|Any CPU.Build.0 = Debug|Any CPU
		{F8B9992B-AC81-41AA-8E91-15D1FBCF91C5}.Release|Any CPU.ActiveCfg = Release|Any CPU
		{F8B9992B-AC81-41AA-8E91-15D1FBCF91C5}.Release|Any CPU.Build.0 = Release|Any CPU
		{C6A0401D-3BD0-4F36-9FC2-F931B9DD326D}.Debug|Any CPU.ActiveCfg = Debug|Any CPU
		{C6A0401D-3BD0-4F36-9FC2-F931B9DD326D}.Debug|Any CPU.Build.0 = Debug|Any CPU
		{C6A0401D-3BD0-4F36-9FC2-F931B9DD326D}.Release|Any CPU.ActiveCfg = Release|Any CPU
		{C6A0401D-3BD0-4F36-9FC2-F931B9DD326D}.Release|Any CPU.Build.0 = Release|Any CPU
		{D4553931-FA87-4C7B-BD9B-C98099F5EF6A}.Debug|Any CPU.ActiveCfg = Debug|Any CPU
		{D4553931-FA87-4C7B-BD9B-C98099F5EF6A}.Debug|Any CPU.Build.0 = Debug|Any CPU
		{D4553931-FA87-4C7B-BD9B-C98099F5EF6A}.Release|Any CPU.ActiveCfg = Release|Any CPU
		{D4553931-FA87-4C7B-BD9B-C98099F5EF6A}.Release|Any CPU.Build.0 = Release|Any CPU
	EndGlobalSection
	GlobalSection(SolutionProperties) = preSolution
		HideSolutionNode = FALSE
	EndGlobalSection
	GlobalSection(ExtensibilityGlobals) = postSolution
		SolutionGuid = {4A52CD09-2F35-44F7-A6EE-4A526AD6EC9D}
	EndGlobalSection
EndGlobal
